
Microsoft Visual Studio Solution File, Format Version 12.00
# Visual Studio Version 17
VisualStudioVersion = 17.0.31919.166
MinimumVisualStudioVersion = 10.0.40219.1
Project("{FAE04EC0-301F-11D3-BF4B-00C04F79EFBC}") = "WindowsFormsApp1", "WindowsFormsApp1\WindowsFormsApp1.csproj", "{B32BD950-E6DE-40CE-85E8-B5A3F4D56034}"
EndProject
Global
	GlobalSection(SolutionConfigurationPlatforms) = preSolution
		Debug|Any CPU = Debug|Any CPU
		Release|Any CPU = Release|Any CPU
	EndGlobalSection
	GlobalSection(ProjectConfigurationPlatforms) = postSolution
		{B32BD950-E6DE-40CE-85E8-B5A3F4D56034}.Debug|Any CPU.ActiveCfg = Debug|Any CPU
		{B32BD950-E6DE-40CE-85E8-B5A3F4D56034}.Debug|Any CPU.Build.0 = Debug|Any CPU
		{B32BD950-E6DE-40CE-85E8-B5A3F4D56034}.Release|Any CPU.ActiveCfg = Release|Any CPU
		{B32BD950-E6DE-40CE-85E8-B5A3F4D56034}.Release|Any CPU.Build.0 = Release|Any CPU
	EndGlobalSection
	GlobalSection(SolutionProperties) = preSolution
		HideSolutionNode = FALSE
	EndGlobalSection
	GlobalSection(ExtensibilityGlobals) = postSolution
		SolutionGuid = {2A0B3A9B-40FC-4B82-8F86-6BC69A120EB4}
	EndGlobalSection
EndGlobal
